
Microsoft Visual Studio Solution File, Format Version 12.00
# Visual Studio Version 16
VisualStudioVersion = 16.0.30907.101
MinimumVisualStudioVersion = 10.0.40219.1
Project("{FAE04EC0-301F-11D3-BF4B-00C04F79EFBC}") = "DBBYTST", "DBBYTST.csproj", "{191D668A-841F-42FF-A137-7A1B4B9FD0C9}"
EndProject
Global
	GlobalSection(SolutionConfigurationPlatforms) = preSolution
		Debug|Any CPU = Debug|Any CPU
		Release|Any CPU = Release|Any CPU
	EndGlobalSection
	GlobalSection(ProjectConfigurationPlatforms) = postSolution
		{191D668A-841F-42FF-A137-7A1B4B9FD0C9}.Debug|Any CPU.ActiveCfg = Debug|Any CPU
		{191D668A-841F-42FF-A137-7A1B4B9FD0C9}.Debug|Any CPU.Build.0 = Debug|Any CPU
		{191D668A-841F-42FF-A137-7A1B4B9FD0C9}.Release|Any CPU.ActiveCfg = Release|Any CPU
		{191D668A-841F-42FF-A137-7A1B4B9FD0C9}.Release|Any CPU.Build.0 = Release|Any CPU
	EndGlobalSection
	GlobalSection(SolutionProperties) = preSolution
		HideSolutionNode = FALSE
	EndGlobalSection
	GlobalSection(ExtensibilityGlobals) = postSolution
		SolutionGuid = {5D85DE0B-1609-4761-811D-C97E0A47961D}
	EndGlobalSection
EndGlobal
